<?xml version="1.0" encoding="utf-8"?>
<Project ToolsVersion="4.0" xmlns="http://schemas.microsoft.com/developer/msbuild/2003">
  <ItemGroup>
    <Filter Include="Source Files">
      <UniqueIdentifier>{4FC737F1-C7A5-4376-A066-2A32D752A2FF}</UniqueIdentifier>
      <Extensions>cpp;c;cc;cxx;c++;cppm;ixx;def;odl;idl;hpj;bat;asm;asmx</Extensions>
    </Filter>
    <Filter Include="Header Files">
      <UniqueIdentifier>{93995380-89BD-4b04-88EB-625FBE52EBFB}</UniqueIdentifier>
      <Extensions>h;hh;hpp;hxx;h++;hm;inl;inc;ipp;xsd</Extensions>
    </Filter>
    <Filter Include="Resource Files">
      <UniqueIdentifier>{67DA6AB6-F800-4c08-8B7A-83BB121AAD01}</UniqueIdentifier>
      <Extensions>rc;ico;cur;bmp;dlg;rc2;rct;bin;rgs;gif;jpg;jpeg;jpe;resx;tiff;tif;png;wav;mfcribbon-ms</Extensions>
    </Filter>
    <Filter Include="Source Files\Persistence">
      <UniqueIdentifier>{f711ef6e-15c5-4d62-9e26-9294363d6319}</UniqueIdentifier>
    </Filter>
    <Filter Include="Source Files\Parser">
      <UniqueIdentifier>{5814774f-c559-4a0a-bd6d-7c690241a67d}</UniqueIdentifier>
    </Filter>
    <Filter Include="Source Files\Parser\OpenGEX">
      <UniqueIdentifier>{78418995-340c-465a-88b1-6fa92b7e9eae}</UniqueIdentifier>
    </Filter>
    <Filter Include="Source Files\Parser\OpenDDL">
      <UniqueIdentifier>{582a7444-b44e-4bc4-90a0-b2de64a38272}</UniqueIdentifier>
    </Filter>
    <Filter Include="Source Files\Persistence\MDB">
      <UniqueIdentifier>{a5649458-1e17-4c0d-b316-241fa2594783}</UniqueIdentifier>
    </Filter>
    <Filter Include="Source Files\Persistence\MDB\Binary">
      <UniqueIdentifier>{75a51fea-bc84-4b2b-9bad-15e9133c11a1}</UniqueIdentifier>
    </Filter>
    <Filter Include="Header Files\Parser">
      <UniqueIdentifier>{392ee99c-566a-47cc-b115-f7d6ea41b6f3}</UniqueIdentifier>
    </Filter>
    <Filter Include="Header Files\Parser\OpenGEX">
      <UniqueIdentifier>{f59814c3-b40a-4c05-b014-a2da2a28f49c}</UniqueIdentifier>
    </Filter>
    <Filter Include="Header Files\Parser\OpenDDL">
      <UniqueIdentifier>{a80887ff-bf63-4ea1-a14a-52b8a760f9b9}</UniqueIdentifier>
    </Filter>
    <Filter Include="Header Files\Persistence">
      <UniqueIdentifier>{e2d1cba5-3191-4030-86e6-410dacbe507c}</UniqueIdentifier>
    </Filter>
    <Filter Include="Header Files\Persistence\MDB">
      <UniqueIdentifier>{849da0b8-56c0-41d1-a01d-630d24ef43c4}</UniqueIdentifier>
    </Filter>
    <Filter Include="Header Files\Persistence\MDB\Binary">
      <UniqueIdentifier>{1f74ed3c-86ae-4329-bac5-e4806cf5b596}</UniqueIdentifier>
    </Filter>
  </ItemGroup>
  <ItemGroup>
    <ClCompile Include="main.cpp">
      <Filter>Source Files</Filter>
    </ClCompile>
    <ClCompile Include="ManifestGLParser\OpenDDL\DDL_Buffers.cpp">
      <Filter>Source Files\Parser\OpenDDL</Filter>
    </ClCompile>
    <ClCompile Include="ManifestGLParser\OpenDDL\DDL_Primitives.cpp">
      <Filter>Source Files\Parser\OpenDDL</Filter>
    </ClCompile>
    <ClCompile Include="ManifestGLParser\OpenDDL\DDL_Reference.cpp">
      <Filter>Source Files\Parser\OpenDDL</Filter>
    </ClCompile>
    <ClCompile Include="ManifestGLParser\OpenDDL\DDL_Structure.cpp">
      <Filter>Source Files\Parser\OpenDDL</Filter>
    </ClCompile>
    <ClCompile Include="ManifestGLParser\OpenGEX\GEX_Color.cpp">
      <Filter>Source Files\Parser\OpenGEX</Filter>
    </ClCompile>
    <ClCompile Include="ManifestGLParser\OpenGEX\GEX_GeometryObject.cpp">
      <Filter>Source Files\Parser\OpenGEX</Filter>
    </ClCompile>
    <ClCompile Include="ManifestGLParser\OpenGEX\GEX_Material.cpp">
      <Filter>Source Files\Parser\OpenGEX</Filter>
    </ClCompile>
    <ClCompile Include="ManifestGLParser\OpenGEX\GEX_Mesh.cpp">
      <Filter>Source Files\Parser\OpenGEX</Filter>
    </ClCompile>
    <ClCompile Include="ManifestGLParser\OpenGEX\GEX_Metric.cpp">
      <Filter>Source Files\Parser\OpenGEX</Filter>
    </ClCompile>
    <ClCompile Include="ManifestGLParser\OpenGEX\GEX_Morph.cpp">
      <Filter>Source Files\Parser\OpenGEX</Filter>
    </ClCompile>
    <ClCompile Include="ManifestGLParser\OpenGEX\GEX_Name.cpp">
      <Filter>Source Files\Parser\OpenGEX</Filter>
    </ClCompile>
    <ClCompile Include="ManifestGLParser\OpenGEX\GEX_Node.cpp">
      <Filter>Source Files\Parser\OpenGEX</Filter>
    </ClCompile>
    <ClCompile Include="ManifestGLParser\OpenGEX\GEX_ObjectRef.cpp">
      <Filter>Source Files\Parser\OpenGEX</Filter>
    </ClCompile>
    <ClCompile Include="ManifestGLParser\OpenGEX\GEX_Param.cpp">
      <Filter>Source Files\Parser\OpenGEX</Filter>
    </ClCompile>
    <ClCompile Include="ManifestGLParser\OpenGEX\GEX_skin.cpp">
      <Filter>Source Files\Parser\OpenGEX</Filter>
    </ClCompile>
    <ClCompile Include="ManifestGLParser\OpenGEX\GEX_Texture.cpp">
      <Filter>Source Files\Parser\OpenGEX</Filter>
    </ClCompile>
    <ClCompile Include="ManifestGLParser\OpenGEX\GEX_Transform.cpp">
      <Filter>Source Files\Parser\OpenGEX</Filter>
    </ClCompile>
    <ClCompile Include="ManifestGLParser\FileFilter.cpp">
      <Filter>Source Files\Parser</Filter>
    </ClCompile>
    <ClCompile Include="ManifestGLParser\GEX_Material.cpp">
      <Filter>Source Files\Parser</Filter>
    </ClCompile>
    <ClCompile Include="ManifestGLParser\OpenDDL_Parser.cpp">
      <Filter>Source Files\Parser</Filter>
    </ClCompile>
    <ClCompile Include="ManifestGLParser\OpenGEX_Parser.cpp">
      <Filter>Source Files\Parser</Filter>
    </ClCompile>
    <ClCompile Include="ManifestGLParser\RegisteredGeneraters.cpp">
      <Filter>Source Files\Parser</Filter>
    </ClCompile>
    <ClCompile Include="ManifestGLPersistence\MDB\Binary\Binary_Mesh.cpp">
      <Filter>Source Files\Persistence\MDB\Binary</Filter>
    </ClCompile>
    <ClCompile Include="ManifestGLPersistence\MDB\Manifest_Color.cpp">
      <Filter>Source Files\Persistence\MDB</Filter>
    </ClCompile>
    <ClCompile Include="ManifestGLPersistence\MDB\Manifest_GeometryNode.cpp">
      <Filter>Source Files\Persistence\MDB</Filter>
    </ClCompile>
    <ClCompile Include="ManifestGLPersistence\MDB\Manifest_GeometryObject.cpp">
      <Filter>Source Files\Persistence\MDB</Filter>
    </ClCompile>
    <ClCompile Include="ManifestGLPersistence\MDB\Manifest_IndexArray.cpp">
      <Filter>Source Files\Persistence\MDB</Filter>
    </ClCompile>
    <ClCompile Include="ManifestGLPersistence\MDB\Manifest_Material.cpp">
      <Filter>Source Files\Persistence\MDB</Filter>
    </ClCompile>
    <ClCompile Include="ManifestGLPersistence\MDB\Manifest_Mesh.cpp">
      <Filter>Source Files\Persistence\MDB</Filter>
    </ClCompile>
    <ClCompile Include="ManifestGLPersistence\MDB\Manifest_VertexArray.cpp">
      <Filter>Source Files\Persistence\MDB</Filter>
    </ClCompile>
    <ClCompile Include="ManifestGLPersistence\BuildTool.cpp">
      <Filter>Source Files\Persistence</Filter>
    </ClCompile>
    <ClCompile Include="ManifestGLPersistence\Manifest_Database.cpp">
      <Filter>Source Files\Persistence</Filter>
    </ClCompile>
    <ClCompile Include="ManifestGLPersistence\MDB\Binary\Binary_GeometryObject.cpp">
      <Filter>Source Files\Persistence\MDB\Binary</Filter>
    </ClCompile>
  </ItemGroup>
  <ItemGroup>
    <ClInclude Include="ManifestGLParser\OpenDDL\DDL_Buffers.h">
      <Filter>Header Files\Parser\OpenDDL</Filter>
    </ClInclude>
    <ClInclude Include="ManifestGLParser\OpenDDL\DDL_File.h">
      <Filter>Header Files\Parser\OpenDDL</Filter>
    </ClInclude>
    <ClInclude Include="ManifestGLParser\OpenDDL\DDL_Primitives.h">
      <Filter>Header Files\Parser\OpenDDL</Filter>
    </ClInclude>
    <ClInclude Include="ManifestGLParser\OpenDDL\DDL_Reference.h">
      <Filter>Header Files\Parser\OpenDDL</Filter>
    </ClInclude>
    <ClInclude Include="ManifestGLParser\OpenDDL\DDL_Structure.h">
      <Filter>Header Files\Parser\OpenDDL</Filter>
    </ClInclude>
    <ClInclude Include="ManifestGLParser\OpenGEX\GEX_Bone.h">
      <Filter>Header Files\Parser\OpenGEX</Filter>
    </ClInclude>
    <ClInclude Include="ManifestGLParser\OpenGEX\GEX_Buffers.h">
      <Filter>Header Files\Parser\OpenGEX</Filter>
    </ClInclude>
    <ClInclude Include="ManifestGLParser\OpenGEX\GEX_Color.h">
      <Filter>Header Files\Parser\OpenGEX</Filter>
    </ClInclude>
    <ClInclude Include="ManifestGLParser\OpenGEX\GEX_GeometryObject.h">
      <Filter>Header Files\Parser\OpenGEX</Filter>
    </ClInclude>
    <ClInclude Include="ManifestGLParser\OpenGEX\GEX_Material.h">
      <Filter>Header Files\Parser\OpenGEX</Filter>
    </ClInclude>
    <ClInclude Include="ManifestGLParser\OpenGEX\GEX_Mesh.h">
      <Filter>Header Files\Parser\OpenGEX</Filter>
    </ClInclude>
    <ClInclude Include="ManifestGLParser\OpenGEX\GEX_Metric.h">
      <Filter>Header Files\Parser\OpenGEX</Filter>
    </ClInclude>
    <ClInclude Include="ManifestGLParser\OpenGEX\GEX_Morph.h">
      <Filter>Header Files\Parser\OpenGEX</Filter>
    </ClInclude>
    <ClInclude Include="ManifestGLParser\OpenGEX\GEX_Name.h">
      <Filter>Header Files\Parser\OpenGEX</Filter>
    </ClInclude>
    <ClInclude Include="ManifestGLParser\OpenGEX\GEX_Node.h">
      <Filter>Header Files\Parser\OpenGEX</Filter>
    </ClInclude>
    <ClInclude Include="ManifestGLParser\OpenGEX\GEX_ObjectRef.h">
      <Filter>Header Files\Parser\OpenGEX</Filter>
    </ClInclude>
    <ClInclude Include="ManifestGLParser\OpenGEX\GEX_Param.h">
      <Filter>Header Files\Parser\OpenGEX</Filter>
    </ClInclude>
    <ClInclude Include="ManifestGLParser\OpenGEX\GEX_Skeleton.h">
      <Filter>Header Files\Parser\OpenGEX</Filter>
    </ClInclude>
    <ClInclude Include="ManifestGLParser\OpenGEX\GEX_Skin.h">
      <Filter>Header Files\Parser\OpenGEX</Filter>
    </ClInclude>
    <ClInclude Include="ManifestGLParser\OpenGEX\GEX_Texture.h">
      <Filter>Header Files\Parser\OpenGEX</Filter>
    </ClInclude>
    <ClInclude Include="ManifestGLParser\OpenGEX\GEX_Transform.h">
      <Filter>Header Files\Parser\OpenGEX</Filter>
    </ClInclude>
    <ClInclude Include="ManifestGLParser\DDL_ExtendedTypes.h">
      <Filter>Header Files\Parser</Filter>
    </ClInclude>
    <ClInclude Include="ManifestGLParser\FileFilter.h">
      <Filter>Header Files\Parser</Filter>
    </ClInclude>
    <ClInclude Include="ManifestGLParser\OpenDDL_Parser.h">
      <Filter>Header Files\Parser</Filter>
    </ClInclude>
    <ClInclude Include="ManifestGLParser\OpenGEX_Parser.h">
      <Filter>Header Files\Parser</Filter>
    </ClInclude>
    <ClInclude Include="ManifestGLParser\RegisteredBuilders.h">
      <Filter>Header Files\Parser</Filter>
    </ClInclude>
    <ClInclude Include="ManifestGLParser\RegisteredGenerators.h">
      <Filter>Header Files\Parser</Filter>
    </ClInclude>
    <ClInclude Include="ManifestGLPersistence\MDB\Binary\Binary_Mesh.h">
      <Filter>Header Files\Persistence\MDB\Binary</Filter>
    </ClInclude>
    <ClInclude Include="ManifestGLPersistence\MDB\Manifest_Color.h">
      <Filter>Header Files\Persistence\MDB</Filter>
    </ClInclude>
    <ClInclude Include="ManifestGLPersistence\MDB\Manifest_GeometryNode.h">
      <Filter>Header Files\Persistence\MDB</Filter>
    </ClInclude>
    <ClInclude Include="ManifestGLPersistence\MDB\Manifest_GeometryObject.h">
      <Filter>Header Files\Persistence\MDB</Filter>
    </ClInclude>
    <ClInclude Include="ManifestGLPersistence\MDB\Manifest_IndexArray.h">
      <Filter>Header Files\Persistence\MDB</Filter>
    </ClInclude>
    <ClInclude Include="ManifestGLPersistence\MDB\Manifest_Material.h">
      <Filter>Header Files\Persistence\MDB</Filter>
    </ClInclude>
    <ClInclude Include="ManifestGLPersistence\MDB\Manifest_Mesh.h">
      <Filter>Header Files\Persistence\MDB</Filter>
    </ClInclude>
    <ClInclude Include="ManifestGLPersistence\MDB\Manifest_VertexArray.h">
      <Filter>Header Files\Persistence\MDB</Filter>
    </ClInclude>
    <ClInclude Include="ManifestGLPersistence\BuildTool.h">
      <Filter>Header Files\Persistence</Filter>
    </ClInclude>
    <ClInclude Include="ManifestGLPersistence\Database_Flags.h">
      <Filter>Header Files\Persistence</Filter>
    </ClInclude>
    <ClInclude Include="ManifestGLPersistence\DatabaseTypes.h">
      <Filter>Header Files\Persistence</Filter>
    </ClInclude>
    <ClInclude Include="ManifestGLPersistence\Manifest_Database.h">
      <Filter>Header Files\Persistence</Filter>
    </ClInclude>
    <ClInclude Include="ManifestGLPersistence\Manifest_Table.h">
      <Filter>Header Files\Persistence</Filter>
    </ClInclude>
    <ClInclude Include="ManifestGLPersistence\ResourceFlags.h">
      <Filter>Header Files\Persistence</Filter>
    </ClInclude>
    <ClInclude Include="ManifestGLPersistence\MDB\Binary\Binary_GeometryObject.h">
      <Filter>Header Files\Persistence\MDB\Binary</Filter>
    </ClInclude>
    <ClInclude Include="ManifestGLPersistence\MDB\Binary\Binary_Table.h">
      <Filter>Header Files\Persistence\MDB\Binary</Filter>
    </ClInclude>
    <ClInclude Include="ManifestGLPersistence\MDB\Binary\Binary_Types.h">
      <Filter>Header Files\Persistence\MDB\Binary</Filter>
    </ClInclude>
  </ItemGroup>
</Project>